// !$*UTF8*$!
{
	archiveVersion = 1;
	classes = {
	};
	objectVersion = 50;
	objects = {

/* Begin PBXBuildFile section */
		7A566F5B2215595600E3C408 /* AppDelegate.m in Sources */ = {isa = PBXBuildFile; fileRef = 7A566F5A2215595600E3C408 /* AppDelegate.m */; };
		7A566F5E2215595600E3C408 /* ViewController.m in Sources */ = {isa = PBXBuildFile; fileRef = 7A566F5D2215595600E3C408 /* ViewController.m */; };
		7A566F612215595600E3C408 /* Main.storyboard in Resources */ = {isa = PBXBuildFile; fileRef = 7A566F5F2215595600E3C408 /* Main.storyboard */; };
		7A566F642215595600E3C408 /* Adonis_20190214_MVVM.xcdatamodeld in Sources */ = {isa = PBXBuildFile; fileRef = 7A566F622215595600E3C408 /* Adonis_20190214_MVVM.xcdatamodeld */; };
		7A566F662215595700E3C408 /* Assets.xcassets in Resources */ = {isa = PBXBuildFile; fileRef = 7A566F652215595700E3C408 /* Assets.xcassets */; };
		7A566F692215595700E3C408 /* LaunchScreen.storyboard in Resources */ = {isa = PBXBuildFile; fileRef = 7A566F672215595700E3C408 /* LaunchScreen.storyboard */; };
		7A566F6C2215595700E3C408 /* main.m in Sources */ = {isa = PBXBuildFile; fileRef = 7A566F6B2215595700E3C408 /* main.m */; };
		7A566F762215595700E3C408 /* Adonis_20190214_MVVMTests.m in Sources */ = {isa = PBXBuildFile; fileRef = 7A566F752215595700E3C408 /* Adonis_20190214_MVVMTests.m */; };
		7A566F812215595700E3C408 /* Adonis_20190214_MVVMUITests.m in Sources */ = {isa = PBXBuildFile; fileRef = 7A566F802215595700E3C408 /* Adonis_20190214_MVVMUITests.m */; };
/* End PBXBuildFile section */

/* Begin PBXContainerItemProxy section */
		7A566F722215595700E3C408 /* PBXContainerItemProxy */ = {
			isa = PBXContainerItemProxy;
			containerPortal = 7A566F4E2215595600E3C408 /* Project object */;
			proxyType = 1;
			remoteGlobalIDString = 7A566F552215595600E3C408;
			remoteInfo = Adonis_20190214_MVVM;
		};
		7A566F7D2215595700E3C408 /* PBXContainerItemProxy */ = {
			isa = PBXContainerItemProxy;
			containerPortal = 7A566F4E2215595600E3C408 /* Project object */;
			proxyType = 1;
			remoteGlobalIDString = 7A566F552215595600E3C408;
			remoteInfo = Adonis_20190214_MVVM;
		};
/* End PBXContainerItemProxy section */

/* Begin PBXFileReference section */
		7A566F562215595600E3C408 /* Adonis_20190214_MVVM.app */ = {isa = PBXFileReference; explicitFileType = wrapper.application; includeInIndex = 0; path = Adonis_20190214_MVVM.app; sourceTree = BUILT_PRODUCTS_DIR; };
		7A566F592215595600E3C408 /* AppDelegate.h */ = {isa = PBXFileReference; lastKnownFileType = sourcecode.c.h; path = AppDelegate.h; sourceTree = "<group>"; };
		7A566F5A2215595600E3C408 /* AppDelegate.m */ = {isa = PBXFileReference; lastKnownFileType = sourcecode.c.objc; path = AppDelegate.m; sourceTree = "<group>"; };
		7A566F5C2215595600E3C408 /* ViewController.h */ = {isa = PBXFileReference; lastKnownFileType = sourcecode.c.h; path = ViewController.h; sourceTree = "<group>"; };
		7A566F5D2215595600E3C408 /* ViewController.m */ = {isa = PBXFileReference; lastKnownFileType = sourcecode.c.objc; path = ViewController.m; sourceTree = "<group>"; };
		7A566F602215595600E3C408 /* Base */ = {isa = PBXFileReference; lastKnownFileType = file.storyboard; name = Base; path = Base.lproj/Main.storyboard; sourceTree = "<group>"; };
		7A566F632215595600E3C408 /* Adonis_20190214_MVVM.xcdatamodel */ = {isa = PBXFileReference; lastKnownFileType = wrapper.xcdatamodel; path = Adonis_20190214_MVVM.xcdatamodel; sourceTree = "<group>"; };
		7A566F652215595700E3C408 /* Assets.xcassets */ = {isa = PBXFileReference; lastKnownFileType = folder.assetcatalog; path = Assets.xcassets; sourceTree = "<group>"; };
		7A566F682215595700E3C408 /* Base */ = {isa = PBXFileReference; lastKnownFileType = file.storyboard; name = Base; path = Base.lproj/LaunchScreen.storyboard; sourceTree = "<group>"; };
		7A566F6A2215595700E3C408 /* Info.plist */ = {isa = PBXFileReference; lastKnownFileType = text.plist.xml; path = Info.plist; sourceTree = "<group>"; };
		7A566F6B2215595700E3C408 /* main.m */ = {isa = PBXFileReference; lastKnownFileType = sourcecode.c.objc; path = main.m; sourceTree = "<group>"; };
		7A566F712215595700E3C408 /* Adonis_20190214_MVVMTests.xctest */ = {isa = PBXFileReference; explicitFileType = wrapper.cfbundle; includeInIndex = 0; path = Adonis_20190214_MVVMTests.xctest; sourceTree = BUILT_PRODUCTS_DIR; };
		7A566F752215595700E3C408 /* Adonis_20190214_MVVMTests.m */ = {isa = PBXFileReference; lastKnownFileType = sourcecode.c.objc; path = Adonis_20190214_MVVMTests.m; sourceTree = "<group>"; };
		7A566F772215595700E3C408 /* Info.plist */ = {isa = PBXFileReference; lastKnownFileType = text.plist.xml; path = Info.plist; sourceTree = "<group>"; };
		7A566F7C2215595700E3C408 /* Adonis_20190214_MVVMUITests.xctest */ = {isa = PBXFileReference; explicitFileType = wrapper.cfbundle; includeInIndex = 0; path = Adonis_20190214_MVVMUITests.xctest; sourceTree = BUILT_PRODUCTS_DIR; };
		7A566F802215595700E3C408 /* Adonis_20190214_MVVMUITests.m */ = {isa = PBXFileReference; lastKnownFileType = sourcecode.c.objc; path = Adonis_20190214_MVVMUITests.m; sourceTree = "<group>"; };
		7A566F822215595700E3C408 /* Info.plist */ = {isa = PBXFileReference; lastKnownFileType = text.plist.xml; path = Info.plist; sourceTree = "<group>"; };
/* End PBXFileReference section */

/* Begin PBXFrameworksBuildPhase section */
		7A566F532215595600E3C408 /* Frameworks */ = {
			isa = PBXFrameworksBuildPhase;
			buildActionMask = 2147483647;
			files = (
			);
			runOnlyForDeploymentPostprocessing = 0;
		};
		7A566F6E2215595700E3C408 /* Frameworks */ = {
			isa = PBXFrameworksBuildPhase;
			buildActionMask = 2147483647;
			files = (
			);
			runOnlyForDeploymentPostprocessing = 0;
		};
		7A566F792215595700E3C408 /* Frameworks */ = {
			isa = PBXFrameworksBuildPhase;
			buildActionMask = 2147483647;
			files = (
			);
			runOnlyForDeploymentPostprocessing = 0;
		};
/* End PBXFrameworksBuildPhase section */

/* Begin PBXGroup section */
		7A566F4D2215595600E3C408 = {
			isa = PBXGroup;
			children = (
				7A566F582215595600E3C408 /* Adonis_20190214_MVVM */,
				7A566F742215595700E3C408 /* Adonis_20190214_MVVMTests */,
				7A566F7F2215595700E3C408 /* Adonis_20190214_MVVMUITests */,
				7A566F572215595600E3C408 /* Products */,
			);
			sourceTree = "<group>";
		};
		7A566F572215595600E3C408 /* Products */ = {
			isa = PBXGroup;
			children = (
				7A566F562215595600E3C408 /* Adonis_20190214_MVVM.app */,
				7A566F712215595700E3C408 /* Adonis_20190214_MVVMTests.xctest */,
				7A566F7C2215595700E3C408 /* Adonis_20190214_MVVMUITests.xctest */,
			);
			name = Products;
			sourceTree = "<group>";
		};
		7A566F582215595600E3C408 /* Adonis_20190214_MVVM */ = {
			isa = PBXGroup;
			children = (
				7A566F592215595600E3C408 /* AppDelegate.h */,
				7A566F5A2215595600E3C408 /* AppDelegate.m */,
				7A566F5C2215595600E3C408 /* ViewController.h */,
				7A566F5D2215595600E3C408 /* ViewController.m */,
				7A566F5F2215595600E3C408 /* Main.storyboard */,
				7A566F652215595700E3C408 /* Assets.xcassets */,
				7A566F672215595700E3C408 /* LaunchScreen.storyboard */,
				7A566F6A2215595700E3C408 /* Info.plist */,
				7A566F6B2215595700E3C408 /* main.m */,
				7A566F622215595600E3C408 /* Adonis_20190214_MVVM.xcdatamodeld */,
			);
			path = Adonis_20190214_MVVM;
			sourceTree = "<group>";
		};
		7A566F742215595700E3C408 /* Adonis_20190214_MVVMTests */ = {
			isa = PBXGroup;
			children = (
				7A566F752215595700E3C408 /* Adonis_20190214_MVVMTests.m */,
				7A566F772215595700E3C408 /* Info.plist */,
			);
			path = Adonis_20190214_MVVMTests;
			sourceTree = "<group>";
		};
		7A566F7F2215595700E3C408 /* Adonis_20190214_MVVMUITests */ = {
			isa = PBXGroup;
			children = (
				7A566F802215595700E3C408 /* Adonis_20190214_MVVMUITests.m */,
				7A566F822215595700E3C408 /* Info.plist */,
			);
			path = Adonis_20190214_MVVMUITests;
			sourceTree = "<group>";
		};
/* End PBXGroup section */

/* Begin PBXNativeTarget section */
		7A566F552215595600E3C408 /* Adonis_20190214_MVVM */ = {
			isa = PBXNativeTarget;
			buildConfigurationList = 7A566F852215595700E3C408 /* Build configuration list for PBXNativeTarget "Adonis_20190214_MVVM" */;
			buildPhases = (
				7A566F522215595600E3C408 /* Sources */,
				7A566F532215595600E3C408 /* Frameworks */,
				7A566F542215595600E3C408 /* Resources */,
			);
			buildRules = (
			);
			dependencies = (
			);
			name = Adonis_20190214_MVVM;
			productName = Adonis_20190214_MVVM;
			productReference = 7A566F562215595600E3C408 /* Adonis_20190214_MVVM.app */;
			productType = "com.apple.product-type.application";
		};
		7A566F702215595700E3C408 /* Adonis_20190214_MVVMTests */ = {
			isa = PBXNativeTarget;
			buildConfigurationList = 7A566F882215595700E3C408 /* Build configuration list for PBXNativeTarget "Adonis_20190214_MVVMTests" */;
			buildPhases = (
				7A566F6D2215595700E3C408 /* Sources */,
				7A566F6E2215595700E3C408 /* Frameworks */,
				7A566F6F2215595700E3C408 /* Resources */,
			);
			buildRules = (
			);
			dependencies = (
				7A566F732215595700E3C408 /* PBXTargetDependency */,
			);
			name = Adonis_20190214_MVVMTests;
			productName = Adonis_20190214_MVVMTests;
			productReference = 7A566F712215595700E3C408 /* Adonis_20190214_MVVMTests.xctest */;
			productType = "com.apple.product-type.bundle.unit-test";
		};
		7A566F7B2215595700E3C408 /* Adonis_20190214_MVVMUITests */ = {
			isa = PBXNativeTarget;
			buildConfigurationList = 7A566F8B2215595700E3C408 /* Build configuration list for PBXNativeTarget "Adonis_20190214_MVVMUITests" */;
			buildPhases = (
				7A566F782215595700E3C408 /* Sources */,
				7A566F792215595700E3C408 /* Frameworks */,
				7A566F7A2215595700E3C408 /* Resources */,
			);
			buildRules = (
			);
			dependencies = (
				7A566F7E2215595700E3C408 /* PBXTargetDependency */,
			);
			name = Adonis_20190214_MVVMUITests;
			productName = Adonis_20190214_MVVMUITests;
			productReference = 7A566F7C2215595700E3C408 /* Adonis_20190214_MVVMUITests.xctest */;
			productType = "com.apple.product-type.bundle.ui-testing";
		};
/* End PBXNativeTarget section */

/* Begin PBXProject section */
		7A566F4E2215595600E3C408 /* Project object */ = {
			isa = PBXProject;
			attributes = {
				LastUpgradeCheck = 1010;
				ORGANIZATIONNAME = "Nikoyo (China）Electronics Systems Co., Ltd.";
				TargetAttributes = {
					7A566F552215595600E3C408 = {
						CreatedOnToolsVersion = 10.1;
					};
					7A566F702215595700E3C408 = {
						CreatedOnToolsVersion = 10.1;
						TestTargetID = 7A566F552215595600E3C408;
					};
					7A566F7B2215595700E3C408 = {
						CreatedOnToolsVersion = 10.1;
						TestTargetID = 7A566F552215595600E3C408;
					};
				};
			};
			buildConfigurationList = 7A566F512215595600E3C408 /* Build configuration list for PBXProject "Adonis_20190214_MVVM" */;
			compatibilityVersion = "Xcode 9.3";
			developmentRegion = en;
			hasScannedForEncodings = 0;
			knownRegions = (
				en,
				Base,
			);
			mainGroup = 7A566F4D2215595600E3C408;
			productRefGroup = 7A566F572215595600E3C408 /* Products */;
			projectDirPath = "";
			projectRoot = "";
			targets = (
				7A566F552215595600E3C408 /* Adonis_20190214_MVVM */,
				7A566F702215595700E3C408 /* Adonis_20190214_MVVMTests */,
				7A566F7B2215595700E3C408 /* Adonis_20190214_MVVMUITests */,
			);
		};
/* End PBXProject section */

/* Begin PBXResourcesBuildPhase section */
		7A566F542215595600E3C408 /* Resources */ = {
			isa = PBXResourcesBuildPhase;
			buildActionMask = 2147483647;
			files = (
				7A566F692215595700E3C408 /* LaunchScreen.storyboard in Resources */,
				7A566F662215595700E3C408 /* Assets.xcassets in Resources */,
				7A566F612215595600E3C408 /* Main.storyboard in Resources */,
			);
			runOnlyForDeploymentPostprocessing = 0;
		};
		7A566F6F2215595700E3C408 /* Resources */ = {
			isa = PBXResourcesBuildPhase;
			buildActionMask = 2147483647;
			files = (
			);
			runOnlyForDeploymentPostprocessing = 0;
		};
		7A566F7A2215595700E3C408 /* Resources */ = {
			isa = PBXResourcesBuildPhase;
			buildActionMask = 2147483647;
			files = (
			);
			runOnlyForDeploymentPostprocessing = 0;
		};
/* End PBXResourcesBuildPhase section */

/* Begin PBXSourcesBuildPhase section */
		7A566F522215595600E3C408 /* Sources */ = {
			isa = PBXSourcesBuildPhase;
			buildActionMask = 2147483647;
			files = (
				7A566F5E2215595600E3C408 /* ViewController.m in Sources */,
				7A566F5B2215595600E3C408 /* AppDelegate.m in Sources */,
				7A566F6C2215595700E3C408 /* main.m in Sources */,
				7A566F642215595600E3C408 /* Adonis_20190214_MVVM.xcdatamodeld in Sources */,
			);
			runOnlyForDeploymentPostprocessing = 0;
		};
		7A566F6D2215595700E3C408 /* Sources */ = {
			isa = PBXSourcesBuildPhase;
			buildActionMask = 2147483647;
			files = (
				7A566F762215595700E3C408 /* Adonis_20190214_MVVMTests.m in Sources */,
			);
			runOnlyForDeploymentPostprocessing = 0;
		};
		7A566F782215595700E3C408 /* Sources */ = {
			isa = PBXSourcesBuildPhase;
			buildActionMask = 2147483647;
			files = (
				7A566F812215595700E3C408 /* Adonis_20190214_MVVMUITests.m in Sources */,
			);
			runOnlyForDeploymentPostprocessing = 0;
		};
/* End PBXSourcesBuildPhase section */

/* Begin PBXTargetDependency section */
		7A566F732215595700E3C408 /* PBXTargetDependency */ = {
			isa = PBXTargetDependency;
			target = 7A566F552215595600E3C408 /* Adonis_20190214_MVVM */;
			targetProxy = 7A566F722215595700E3C408 /* PBXContainerItemProxy */;
		};
		7A566F7E2215595700E3C408 /* PBXTargetDependency */ = {
			isa = PBXTargetDependency;
			target = 7A566F552215595600E3C408 /* Adonis_20190214_MVVM */;
			targetProxy = 7A566F7D2215595700E3C408 /* PBXContainerItemProxy */;
		};
/* End PBXTargetDependency section */

/* Begin PBXVariantGroup section */
		7A566F5F2215595600E3C408 /* Main.storyboard */ = {
			isa = PBXVariantGroup;
			children = (
				7A566F602215595600E3C408 /* Base */,
			);
			name = Main.storyboard;
			sourceTree = "<group>";
		};
		7A566F672215595700E3C408 /* LaunchScreen.storyboard */ = {
			isa = PBXVariantGroup;
			children = (
				7A566F682215595700E3C408 /* Base */,
			);
			name = LaunchScreen.storyboard;
			sourceTree = "<group>";
		};
/* End PBXVariantGroup section */

/* Begin XCBuildConfiguration section */
		7A566F832215595700E3C408 /* Debug */ = {
			isa = XCBuildConfiguration;
			buildSettings = {
				ALWAYS_SEARCH_USER_PATHS = NO;
				CLANG_ANALYZER_NONNULL = YES;
				CLANG_ANALYZER_NUMBER_OBJECT_CONVERSION = YES_AGGRESSIVE;
				CLANG_CXX_LANGUAGE_STANDARD = "gnu++14";
				CLANG_CXX_LIBRARY = "libc++";
				CLANG_ENABLE_MODULES = YES;
				CLANG_ENABLE_OBJC_ARC = YES;
				CLANG_ENABLE_OBJC_WEAK = YES;
				CLANG_WARN_BLOCK_CAPTURE_AUTORELEASING = YES;
				CLANG_WARN_BOOL_CONVERSION = YES;
				CLANG_WARN_COMMA = YES;
				CLANG_WARN_CONSTANT_CONVERSION = YES;
				CLANG_WARN_DEPRECATED_OBJC_IMPLEMENTATIONS = YES;
				CLANG_WARN_DIRECT_OBJC_ISA_USAGE = YES_ERROR;
				CLANG_WARN_DOCUMENTATION_COMMENTS = YES;
				CLANG_WARN_EMPTY_BODY = YES;
				CLANG_WARN_ENUM_CONVERSION = YES;
				CLANG_WARN_INFINITE_RECURSION = YES;
				CLANG_WARN_INT_CONVERSION = YES;
				CLANG_WARN_NON_LITERAL_NULL_CONVERSION = YES;
				CLANG_WARN_OBJC_IMPLICIT_RETAIN_SELF = YES;
				CLANG_WARN_OBJC_LITERAL_CONVERSION = YES;
				CLANG_WARN_OBJC_ROOT_CLASS = YES_ERROR;
				CLANG_WARN_RANGE_LOOP_ANALYSIS = YES;
				CLANG_WARN_STRICT_PROTOTYPES = YES;
				CLANG_WARN_SUSPICIOUS_MOVE = YES;
				CLANG_WARN_UNGUARDED_AVAILABILITY = YES_AGGRESSIVE;
				CLANG_WARN_UNREACHABLE_CODE = YES;
				CLANG_WARN__DUPLICATE_METHOD_MATCH = YES;
				CODE_SIGN_IDENTITY = "iPhone Developer";
				COPY_PHASE_STRIP = NO;
				DEBUG_INFORMATION_FORMAT = dwarf;
				ENABLE_STRICT_OBJC_MSGSEND = YES;
				ENABLE_TESTABILITY = YES;
				GCC_C_LANGUAGE_STANDARD = gnu11;
				GCC_DYNAMIC_NO_PIC = NO;
				GCC_NO_COMMON_BLOCKS = YES;
				GCC_OPTIMIZATION_LEVEL = 0;
				GCC_PREPROCESSOR_DEFINITIONS = (
					"DEBUG=1",
					"$(inherited)",
				);
				GCC_WARN_64_TO_32_BIT_CONVERSION = YES;
				GCC_WARN_ABOUT_RETURN_TYPE = YES_ERROR;
				GCC_WARN_UNDECLARED_SELECTOR = YES;
				GCC_WARN_UNINITIALIZED_AUTOS = YES_AGGRESSIVE;
				GCC_WARN_UNUSED_FUNCTION = YES;
				GCC_WARN_UNUSED_VARIABLE = YES;
				IPHONEOS_DEPLOYMENT_TARGET = 12.1;
				MTL_ENABLE_DEBUG_INFO = INCLUDE_SOURCE;
				MTL_FAST_MATH = YES;
				ONLY_ACTIVE_ARCH = YES;
				SDKROOT = iphoneos;
			};
			name = Debug;
		};
		7A566F842215595700E3C408 /* Release */ = {
			isa = XCBuildConfiguration;
			buildSettings = {
				ALWAYS_SEARCH_USER_PATHS = NO;
				CLANG_ANALYZER_NONNULL = YES;
				CLANG_ANALYZER_NUMBER_OBJECT_CONVERSION = YES_AGGRESSIVE;
				CLANG_CXX_LANGUAGE_STANDARD = "gnu++14";
				CLANG_CXX_LIBRARY = "libc++";
				CLANG_ENABLE_MODULES = YES;
				CLANG_ENABLE_OBJC_ARC = YES;
				CLANG_ENABLE_OBJC_WEAK = YES;
				CLANG_WARN_BLOCK_CAPTURE_AUTORELEASING = YES;
				CLANG_WARN_BOOL_CONVERSION = YES;
				CLANG_WARN_COMMA = YES;
				CLANG_WARN_CONSTANT_CONVERSION = YES;
				CLANG_WARN_DEPRECATED_OBJC_IMPLEMENTATIONS = YES;
				CLANG_WARN_DIRECT_OBJC_ISA_USAGE = YES_ERROR;
				CLANG_WARN_DOCUMENTATION_COMMENTS = YES;
				CLANG_WARN_EMPTY_BODY = YES;
				CLANG_WARN_ENUM_CONVERSION = YES;
				CLANG_WARN_INFINITE_RECURSION = YES;
				CLANG_WARN_INT_CONVERSION = YES;
				CLANG_WARN_NON_LITERAL_NULL_CONVERSION = YES;
				CLANG_WARN_OBJC_IMPLICIT_RETAIN_SELF = YES;
				CLANG_WARN_OBJC_LITERAL_CONVERSION = YES;
				CLANG_WARN_OBJC_ROOT_CLASS = YES_ERROR;
				CLANG_WARN_RANGE_LOOP_ANALYSIS = YES;
				CLANG_WARN_STRICT_PROTOTYPES = YES;
				CLANG_WARN_SUSPICIOUS_MOVE = YES;
				CLANG_WARN_UNGUARDED_AVAILABILITY = YES_AGGRESSIVE;
				CLANG_WARN_UNREACHABLE_CODE = YES;
				CLANG_WARN__DUPLICATE_METHOD_MATCH = YES;
				CODE_SIGN_IDENTITY = "iPhone Developer";
				COPY_PHASE_STRIP = NO;
				DEBUG_INFORMATION_FORMAT = "dwarf-with-dsym";
				ENABLE_NS_ASSERTIONS = NO;
				ENABLE_STRICT_OBJC_MSGSEND = YES;
				GCC_C_LANGUAGE_STANDARD = gnu11;
				GCC_NO_COMMON_BLOCKS = YES;
				GCC_WARN_64_TO_32_BIT_CONVERSION = YES;
				GCC_WARN_ABOUT_RETURN_TYPE = YES_ERROR;
				GCC_WARN_UNDECLARED_SELECTOR = YES;
				GCC_WARN_UNINITIALIZED_AUTOS = YES_AGGRESSIVE;
				GCC_WARN_UNUSED_FUNCTION = YES;
				GCC_WARN_UNUSED_VARIABLE = YES;
				IPHONEOS_DEPLOYMENT_TARGET = 12.1;
				MTL_ENABLE_DEBUG_INFO = NO;
				MTL_FAST_MATH = YES;
				SDKROOT = iphoneos;
				VALIDATE_PRODUCT = YES;
			};
			name = Release;
		};
		7A566F862215595700E3C408 /* Debug */ = {
			isa = XCBuildConfiguration;
			buildSettings = {
				ASSETCATALOG_COMPILER_APPICON_NAME = AppIcon;
				CODE_SIGN_STYLE = Automatic;
				DEVELOPMENT_TEAM = N2KQ965WEJ;
				INFOPLIST_FILE = Adonis_20190214_MVVM/Info.plist;
				LD_RUNPATH_SEARCH_PATHS = (
					"$(inherited)",
					"@executable_path/Frameworks",
				);
				PRODUCT_BUNDLE_IDENTIFIER = "cn.com.nikoyo.www.Adonis-20190214-MVVM";
				PRODUCT_NAME = "$(TARGET_NAME)";
				TARGETED_DEVICE_FAMILY = "1,2";
			};
			name = Debug;
		};
		7A566F872215595700E3C408 /* Release */ = {
			isa = XCBuildConfiguration;
			buildSettings = {
				ASSETCATALOG_COMPILER_APPICON_NAME = AppIcon;
				CODE_SIGN_STYLE = Automatic;
				DEVELOPMENT_TEAM = N2KQ965WEJ;
				INFOPLIST_FILE = Adonis_20190214_MVVM/Info.plist;
				LD_RUNPATH_SEARCH_PATHS = (
					"$(inherited)",
					"@executable_path/Frameworks",
				);
				PRODUCT_BUNDLE_IDENTIFIER = "cn.com.nikoyo.www.Adonis-20190214-MVVM";
				PRODUCT_NAME = "$(TARGET_NAME)";
				TARGETED_DEVICE_FAMILY = "1,2";
			};
			name = Release;
		};
		7A566F892215595700E3C408 /* Debug */ = {
			isa = XCBuildConfiguration;
			buildSettings = {
				BUNDLE_LOADER = "$(TEST_HOST)";
				CODE_SIGN_STYLE = Automatic;
				DEVELOPMENT_TEAM = N2KQ965WEJ;
				INFOPLIST_FILE = Adonis_20190214_MVVMTests/Info.plist;
				LD_RUNPATH_SEARCH_PATHS = (
					"$(inherited)",
					"@executable_path/Frameworks",
					"@loader_path/Frameworks",
				);
				PRODUCT_BUNDLE_IDENTIFIER = "cn.com.nikoyo.www.Adonis-20190214-MVVMTests";
				PRODUCT_NAME = "$(TARGET_NAME)";
				TARGETED_DEVICE_FAMILY = "1,2";
				TEST_HOST = "$(BUILT_PRODUCTS_DIR)/Adonis_20190214_MVVM.app/Adonis_20190214_MVVM";
			};
			name = Debug;
		};
		7A566F8A2215595700E3C408 /* Release */ = {
			isa = XCBuildConfiguration;
			buildSettings = {
				BUNDLE_LOADER = "$(TEST_HOST)";
				CODE_SIGN_STYLE = Automatic;
				DEVELOPMENT_TEAM = N2KQ965WEJ;
				INFOPLIST_FILE = Adonis_20190214_MVVMTests/Info.plist;
				LD_RUNPATH_SEARCH_PATHS = (
					"$(inherited)",
					"@executable_path/Frameworks",
					"@loader_path/Frameworks",
				);
				PRODUCT_BUNDLE_IDENTIFIER = "cn.com.nikoyo.www.Adonis-20190214-MVVMTests";
				PRODUCT_NAME = "$(TARGET_NAME)";
				TARGETED_DEVICE_FAMILY = "1,2";
				TEST_HOST = "$(BUILT_PRODUCTS_DIR)/Adonis_20190214_MVVM.app/Adonis_20190214_MVVM";
			};
			name = Release;
		};
		7A566F8C2215595700E3C408 /* Debug */ = {
			isa = XCBuildConfiguration;
			buildSettings = {
				CODE_SIGN_STYLE = Automatic;
				DEVELOPMENT_TEAM = N2KQ965WEJ;
				INFOPLIST_FILE = Adonis_20190214_MVVMUITests/Info.plist;
				LD_RUNPATH_SEARCH_PATHS = (
					"$(inherited)",
					"@executable_path/Frameworks",
					"@loader_path/Frameworks",
				);
				PRODUCT_BUNDLE_IDENTIFIER = "cn.com.nikoyo.www.Adonis-20190214-MVVMUITests";
				PRODUCT_NAME = "$(TARGET_NAME)";
				TARGETED_DEVICE_FAMILY = "1,2";
				TEST_TARGET_NAME = Adonis_20190214_MVVM;
			};
			name = Debug;
		};
		7A566F8D2215595700E3C408 /* Release */ = {
			isa = XCBuildConfiguration;
			buildSettings = {
				CODE_SIGN_STYLE = Automatic;
				DEVELOPMENT_TEAM = N2KQ965WEJ;
				INFOPLIST_FILE = Adonis_20190214_MVVMUITests/Info.plist;
				LD_RUNPATH_SEARCH_PATHS = (
					"$(inherited)",
					"@executable_path/Frameworks",
					"@loader_path/Frameworks",
				);
				PRODUCT_BUNDLE_IDENTIFIER = "cn.com.nikoyo.www.Adonis-20190214-MVVMUITests";
				PRODUCT_NAME = "$(TARGET_NAME)";
				TARGETED_DEVICE_FAMILY = "1,2";
				TEST_TARGET_NAME = Adonis_20190214_MVVM;
			};
			name = Release;
		};
/* End XCBuildConfiguration section */

/* Begin XCConfigurationList section */
		7A566F512215595600E3C408 /* Build configuration list for PBXProject "Adonis_20190214_MVVM" */ = {
			isa = XCConfigurationList;
			buildConfigurations = (
				7A566F832215595700E3C408 /* Debug */,
				7A566F842215595700E3C408 /* Release */,
			);
			defaultConfigurationIsVisible = 0;
			defaultConfigurationName = Release;
		};
		7A566F852215595700E3C408 /* Build configuration list for PBXNativeTarget "Adonis_20190214_MVVM" */ = {
			isa = XCConfigurationList;
			buildConfigurations = (
				7A566F862215595700E3C408 /* Debug */,
				7A566F872215595700E3C408 /* Release */,
			);
			defaultConfigurationIsVisible = 0;
			defaultConfigurationName = Release;
		};
		7A566F882215595700E3C408 /* Build configuration list for PBXNativeTarget "Adonis_20190214_MVVMTests" */ = {
			isa = XCConfigurationList;
			buildConfigurations = (
				7A566F892215595700E3C408 /* Debug */,
				7A566F8A2215595700E3C408 /* Release */,
			);
			defaultConfigurationIsVisible = 0;
			defaultConfigurationName = Release;
		};
		7A566F8B2215595700E3C408 /* Build configuration list for PBXNativeTarget "Adonis_20190214_MVVMUITests" */ = {
			isa = XCConfigurationList;
			buildConfigurations = (
				7A566F8C2215595700E3C408 /* Debug */,
				7A566F8D2215595700E3C408 /* Release */,
			);
			defaultConfigurationIsVisible = 0;
			defaultConfigurationName = Release;
		};
/* End XCConfigurationList section */

/* Begin XCVersionGroup section */
		7A566F622215595600E3C408 /* Adonis_20190214_MVVM.xcdatamodeld */ = {
			isa = XCVersionGroup;
			children = (
				7A566F632215595600E3C408 /* Adonis_20190214_MVVM.xcdatamodel */,
			);
			currentVersion = 7A566F632215595600E3C408 /* Adonis_20190214_MVVM.xcdatamodel */;
			path = Adonis_20190214_MVVM.xcdatamodeld;
			sourceTree = "<group>";
			versionGroupType = wrapper.xcdatamodel;
		};
/* End XCVersionGroup section */
	};
	rootObject = 7A566F4E2215595600E3C408 /* Project object */;
}
